// !$*UTF8*$!
{
	archiveVersion = 1;
	classes = {
	};
	objectVersion = 46;
	objects = {

/* Begin PBXBuildFile section */
		451F68141C10D950008CB714 /* ScavengerHunt.swift in Sources */ = {isa = PBXBuildFile; fileRef = 451F68131C10D950008CB714 /* ScavengerHunt.swift */; };
		451F68161C10DC6E008CB714 /* SHWelcomeViewController.swift in Sources */ = {isa = PBXBuildFile; fileRef = 451F68151C10DC6E008CB714 /* SHWelcomeViewController.swift */; };
		45901F1E1BF3F1B0003FB793 /* CoreLocation.framework in Frameworks */ = {isa = PBXBuildFile; fileRef = 45901F1D1BF3F1B0003FB793 /* CoreLocation.framework */; };
		45A7ED481C0E3032007BD402 /* ArrivalViewController.swift in Sources */ = {isa = PBXBuildFile; fileRef = 45A7ED471C0E3032007BD402 /* ArrivalViewController.swift */; };
		890503471C05355600420D6F /* ProjectTableViewCell.swift in Sources */ = {isa = PBXBuildFile; fileRef = 890503461C05355600420D6F /* ProjectTableViewCell.swift */; };
		892B372F1BE9B1FB00E1174C /* YaleNew-Bold.otf in Resources */ = {isa = PBXBuildFile; fileRef = 894CA71C1BE9A895005D2B2A /* YaleNew-Bold.otf */; };
		892B37301BE9B1FB00E1174C /* YaleNew-BoldItalic.otf in Resources */ = {isa = PBXBuildFile; fileRef = 894CA71D1BE9A895005D2B2A /* YaleNew-BoldItalic.otf */; };
		892B37311BE9B1FB00E1174C /* YaleNew-Italic.otf in Resources */ = {isa = PBXBuildFile; fileRef = 894CA71E1BE9A895005D2B2A /* YaleNew-Italic.otf */; };
		892B37321BE9B1FB00E1174C /* YaleNew-Roman.otf in Resources */ = {isa = PBXBuildFile; fileRef = 894CA71F1BE9A895005D2B2A /* YaleNew-Roman.otf */; };
		892B37361BE9B9C600E1174C /* ProjectListViewController.swift in Sources */ = {isa = PBXBuildFile; fileRef = 892B37351BE9B9C600E1174C /* ProjectListViewController.swift */; };
		892B37381BE9B9FC00E1174C /* ScavengerHuntViewController.swift in Sources */ = {isa = PBXBuildFile; fileRef = 892B37371BE9B9FC00E1174C /* ScavengerHuntViewController.swift */; };
		893AA7861BF65BDE00B451A0 /* MapViewController.swift in Sources */ = {isa = PBXBuildFile; fileRef = 893AA7851BF65BDE00B451A0 /* MapViewController.swift */; };
		894CA6DF1BE99FBE005D2B2A /* AppDelegate.swift in Sources */ = {isa = PBXBuildFile; fileRef = 894CA6DE1BE99FBE005D2B2A /* AppDelegate.swift */; };
		894CA6E11BE99FBE005D2B2A /* HomeViewController.swift in Sources */ = {isa = PBXBuildFile; fileRef = 894CA6E01BE99FBE005D2B2A /* HomeViewController.swift */; };
		894CA6E41BE99FBE005D2B2A /* Main.storyboard in Resources */ = {isa = PBXBuildFile; fileRef = 894CA6E21BE99FBE005D2B2A /* Main.storyboard */; };
		894CA6E71BE99FBE005D2B2A /* West_Campus.xcdatamodeld in Sources */ = {isa = PBXBuildFile; fileRef = 894CA6E51BE99FBE005D2B2A /* West_Campus.xcdatamodeld */; };
		894CA6E91BE99FBE005D2B2A /* Assets.xcassets in Resources */ = {isa = PBXBuildFile; fileRef = 894CA6E81BE99FBE005D2B2A /* Assets.xcassets */; };
		894CA6EC1BE99FBE005D2B2A /* LaunchScreen.storyboard in Resources */ = {isa = PBXBuildFile; fileRef = 894CA6EA1BE99FBE005D2B2A /* LaunchScreen.storyboard */; };
		894CA6F71BE99FBE005D2B2A /* West_CampusTests.swift in Sources */ = {isa = PBXBuildFile; fileRef = 894CA6F61BE99FBE005D2B2A /* West_CampusTests.swift */; };
		894CA7021BE99FBE005D2B2A /* West_CampusUITests.swift in Sources */ = {isa = PBXBuildFile; fileRef = 894CA7011BE99FBE005D2B2A /* West_CampusUITests.swift */; };
		896A5A911BEEC63A00780F79 /* Screen Shot 2015-11-06 at 5.58.30 PM.png in Resources */ = {isa = PBXBuildFile; fileRef = 896A5A901BEEC63A00780F79 /* Screen Shot 2015-11-06 at 5.58.30 PM.png */; };
		896A5A951BEECB2E00780F79 /* Yale Y small.png in Resources */ = {isa = PBXBuildFile; fileRef = 896A5A941BEECB2E00780F79 /* Yale Y small.png */; };
		896A5A971BEED24900780F79 /* AboutViewController.swift in Sources */ = {isa = PBXBuildFile; fileRef = 896A5A961BEED24900780F79 /* AboutViewController.swift */; };
		898136051BEEDD2800ACD35C /* Project.swift in Sources */ = {isa = PBXBuildFile; fileRef = 898136031BEEDD2800ACD35C /* Project.swift */; };
		898136061BEEDD2800ACD35C /* ProjectData.swift in Sources */ = {isa = PBXBuildFile; fileRef = 898136041BEEDD2800ACD35C /* ProjectData.swift */; };
		898136081BEEDEE700ACD35C /* MainModel.swift in Sources */ = {isa = PBXBuildFile; fileRef = 898136071BEEDEE700ACD35C /* MainModel.swift */; };
		898E8C401D3B585300D4CB1B /* ImageUtil.swift in Sources */ = {isa = PBXBuildFile; fileRef = 898E8C3F1D3B585300D4CB1B /* ImageUtil.swift */; };
		89958D1F1D33211E009E020F /* MapPointAnnotation.swift in Sources */ = {isa = PBXBuildFile; fileRef = 89958D1E1D33211E009E020F /* MapPointAnnotation.swift */; };
		89958D211D332A58009E020F /* GlobalKeys.swift in Sources */ = {isa = PBXBuildFile; fileRef = 89958D201D332A58009E020F /* GlobalKeys.swift */; };
		89C08DA01BF1444300B91EC0 /* ProjectViewController.swift in Sources */ = {isa = PBXBuildFile; fileRef = 89C08D9F1BF1444300B91EC0 /* ProjectViewController.swift */; };
		89C08DA31BF14A2E00B91EC0 /* MyViewController.swift in Sources */ = {isa = PBXBuildFile; fileRef = 89C08DA21BF14A2E00B91EC0 /* MyViewController.swift */; };
		A35829231C0F3DA1007BEECE /* AboutThisAppViewController.swift in Sources */ = {isa = PBXBuildFile; fileRef = A35829221C0F3DA1007BEECE /* AboutThisAppViewController.swift */; };
		ADD597FFD49EB8FC49D9652C /* Pods_West_Campus.framework in Frameworks */ = {isa = PBXBuildFile; fileRef = 5F792180E798887E2B7C5DB6 /* Pods_West_Campus.framework */; };
/* End PBXBuildFile section */

/* Begin PBXContainerItemProxy section */
		894CA6F31BE99FBE005D2B2A /* PBXContainerItemProxy */ = {
			isa = PBXContainerItemProxy;
			containerPortal = 894CA6D31BE99FBE005D2B2A /* Project object */;
			proxyType = 1;
			remoteGlobalIDString = 894CA6DA1BE99FBE005D2B2A;
			remoteInfo = "West Campus";
		};
		894CA6FE1BE99FBE005D2B2A /* PBXContainerItemProxy */ = {
			isa = PBXContainerItemProxy;
			containerPortal = 894CA6D31BE99FBE005D2B2A /* Project object */;
			proxyType = 1;
			remoteGlobalIDString = 894CA6DA1BE99FBE005D2B2A;
			remoteInfo = "West Campus";
		};
/* End PBXContainerItemProxy section */

/* Begin PBXFileReference section */
		3DF4FF10EB61ECAB56A473E7 /* Pods-West Campus.release.xcconfig */ = {isa = PBXFileReference; includeInIndex = 1; lastKnownFileType = text.xcconfig; name = "Pods-West Campus.release.xcconfig"; path = "Pods/Target Support Files/Pods-West Campus/Pods-West Campus.release.xcconfig"; sourceTree = "<group>"; };
		451F68131C10D950008CB714 /* ScavengerHunt.swift */ = {isa = PBXFileReference; fileEncoding = 4; lastKnownFileType = sourcecode.swift; path = ScavengerHunt.swift; sourceTree = "<group>"; };
		451F68151C10DC6E008CB714 /* SHWelcomeViewController.swift */ = {isa = PBXFileReference; fileEncoding = 4; lastKnownFileType = sourcecode.swift; path = SHWelcomeViewController.swift; sourceTree = "<group>"; };
		45901F1D1BF3F1B0003FB793 /* CoreLocation.framework */ = {isa = PBXFileReference; lastKnownFileType = wrapper.framework; name = CoreLocation.framework; path = System/Library/Frameworks/CoreLocation.framework; sourceTree = SDKROOT; };
		45A7ED471C0E3032007BD402 /* ArrivalViewController.swift */ = {isa = PBXFileReference; fileEncoding = 4; lastKnownFileType = sourcecode.swift; path = ArrivalViewController.swift; sourceTree = "<group>"; };
		5F792180E798887E2B7C5DB6 /* Pods_West_Campus.framework */ = {isa = PBXFileReference; explicitFileType = wrapper.framework; includeInIndex = 0; path = Pods_West_Campus.framework; sourceTree = BUILT_PRODUCTS_DIR; };
		88758A95F6D5243903318E63 /* Pods-West Campus.debug.xcconfig */ = {isa = PBXFileReference; includeInIndex = 1; lastKnownFileType = text.xcconfig; name = "Pods-West Campus.debug.xcconfig"; path = "Pods/Target Support Files/Pods-West Campus/Pods-West Campus.debug.xcconfig"; sourceTree = "<group>"; };
		890503461C05355600420D6F /* ProjectTableViewCell.swift */ = {isa = PBXFileReference; fileEncoding = 4; lastKnownFileType = sourcecode.swift; path = ProjectTableViewCell.swift; sourceTree = "<group>"; };
		892B37351BE9B9C600E1174C /* ProjectListViewController.swift */ = {isa = PBXFileReference; fileEncoding = 4; lastKnownFileType = sourcecode.swift; name = ProjectListViewController.swift; path = ../ProjectListViewController.swift; sourceTree = "<group>"; };
		892B37371BE9B9FC00E1174C /* ScavengerHuntViewController.swift */ = {isa = PBXFileReference; fileEncoding = 4; lastKnownFileType = sourcecode.swift; path = ScavengerHuntViewController.swift; sourceTree = "<group>"; };
		893AA7851BF65BDE00B451A0 /* MapViewController.swift */ = {isa = PBXFileReference; fileEncoding = 4; lastKnownFileType = sourcecode.swift; path = MapViewController.swift; sourceTree = "<group>"; };
		894CA6DB1BE99FBE005D2B2A /* West Campus.app */ = {isa = PBXFileReference; explicitFileType = wrapper.application; includeInIndex = 0; path = "West Campus.app"; sourceTree = BUILT_PRODUCTS_DIR; };
		894CA6DE1BE99FBE005D2B2A /* AppDelegate.swift */ = {isa = PBXFileReference; lastKnownFileType = sourcecode.swift; path = AppDelegate.swift; sourceTree = "<group>"; };
		894CA6E01BE99FBE005D2B2A /* HomeViewController.swift */ = {isa = PBXFileReference; lastKnownFileType = sourcecode.swift; path = HomeViewController.swift; sourceTree = "<group>"; };
		894CA6E31BE99FBE005D2B2A /* Base */ = {isa = PBXFileReference; lastKnownFileType = file.storyboard; name = Base; path = Base.lproj/Main.storyboard; sourceTree = "<group>"; };
		894CA6E61BE99FBE005D2B2A /* West_Campus.xcdatamodel */ = {isa = PBXFileReference; lastKnownFileType = wrapper.xcdatamodel; path = West_Campus.xcdatamodel; sourceTree = "<group>"; };
		894CA6E81BE99FBE005D2B2A /* Assets.xcassets */ = {isa = PBXFileReference; lastKnownFileType = folder.assetcatalog; path = Assets.xcassets; sourceTree = "<group>"; };
		894CA6EB1BE99FBE005D2B2A /* Base */ = {isa = PBXFileReference; lastKnownFileType = file.storyboard; name = Base; path = Base.lproj/LaunchScreen.storyboard; sourceTree = "<group>"; };
		894CA6ED1BE99FBE005D2B2A /* Info.plist */ = {isa = PBXFileReference; lastKnownFileType = text.plist.xml; path = Info.plist; sourceTree = "<group>"; };
		894CA6F21BE99FBE005D2B2A /* West CampusTests.xctest */ = {isa = PBXFileReference; explicitFileType = wrapper.cfbundle; includeInIndex = 0; path = "West CampusTests.xctest"; sourceTree = BUILT_PRODUCTS_DIR; };
		894CA6F61BE99FBE005D2B2A /* West_CampusTests.swift */ = {isa = PBXFileReference; lastKnownFileType = sourcecode.swift; path = West_CampusTests.swift; sourceTree = "<group>"; };
		894CA6F81BE99FBE005D2B2A /* Info.plist */ = {isa = PBXFileReference; lastKnownFileType = text.plist.xml; path = Info.plist; sourceTree = "<group>"; };
		894CA6FD1BE99FBE005D2B2A /* West CampusUITests.xctest */ = {isa = PBXFileReference; explicitFileType = wrapper.cfbundle; includeInIndex = 0; path = "West CampusUITests.xctest"; sourceTree = BUILT_PRODUCTS_DIR; };
		894CA7011BE99FBE005D2B2A /* West_CampusUITests.swift */ = {isa = PBXFileReference; lastKnownFileType = sourcecode.swift; path = West_CampusUITests.swift; sourceTree = "<group>"; };
		894CA7031BE99FBE005D2B2A /* Info.plist */ = {isa = PBXFileReference; lastKnownFileType = text.plist.xml; path = Info.plist; sourceTree = "<group>"; };
		894CA71C1BE9A895005D2B2A /* YaleNew-Bold.otf */ = {isa = PBXFileReference; lastKnownFileType = file; path = "YaleNew-Bold.otf"; sourceTree = "<group>"; };
		894CA71D1BE9A895005D2B2A /* YaleNew-BoldItalic.otf */ = {isa = PBXFileReference; lastKnownFileType = file; path = "YaleNew-BoldItalic.otf"; sourceTree = "<group>"; };
		894CA71E1BE9A895005D2B2A /* YaleNew-Italic.otf */ = {isa = PBXFileReference; lastKnownFileType = file; path = "YaleNew-Italic.otf"; sourceTree = "<group>"; };
		894CA71F1BE9A895005D2B2A /* YaleNew-Roman.otf */ = {isa = PBXFileReference; lastKnownFileType = file; path = "YaleNew-Roman.otf"; sourceTree = "<group>"; };
		896A5A901BEEC63A00780F79 /* Screen Shot 2015-11-06 at 5.58.30 PM.png */ = {isa = PBXFileReference; lastKnownFileType = image.png; path = "Screen Shot 2015-11-06 at 5.58.30 PM.png"; sourceTree = "<group>"; };
		896A5A941BEECB2E00780F79 /* Yale Y small.png */ = {isa = PBXFileReference; lastKnownFileType = image.png; path = "Yale Y small.png"; sourceTree = "<group>"; };
		896A5A961BEED24900780F79 /* AboutViewController.swift */ = {isa = PBXFileReference; fileEncoding = 4; lastKnownFileType = sourcecode.swift; path = AboutViewController.swift; sourceTree = "<group>"; };
		898136031BEEDD2800ACD35C /* Project.swift */ = {isa = PBXFileReference; fileEncoding = 4; lastKnownFileType = sourcecode.swift; path = Project.swift; sourceTree = "<group>"; };
		898136041BEEDD2800ACD35C /* ProjectData.swift */ = {isa = PBXFileReference; fileEncoding = 4; lastKnownFileType = sourcecode.swift; path = ProjectData.swift; sourceTree = "<group>"; };
		898136071BEEDEE700ACD35C /* MainModel.swift */ = {isa = PBXFileReference; fileEncoding = 4; lastKnownFileType = sourcecode.swift; path = MainModel.swift; sourceTree = "<group>"; };
		898E8C3F1D3B585300D4CB1B /* ImageUtil.swift */ = {isa = PBXFileReference; fileEncoding = 4; lastKnownFileType = sourcecode.swift; path = ImageUtil.swift; sourceTree = "<group>"; };
		89958D1E1D33211E009E020F /* MapPointAnnotation.swift */ = {isa = PBXFileReference; fileEncoding = 4; lastKnownFileType = sourcecode.swift; path = MapPointAnnotation.swift; sourceTree = "<group>"; };
		89958D201D332A58009E020F /* GlobalKeys.swift */ = {isa = PBXFileReference; fileEncoding = 4; lastKnownFileType = sourcecode.swift; path = GlobalKeys.swift; sourceTree = "<group>"; };
		89C08D9F1BF1444300B91EC0 /* ProjectViewController.swift */ = {isa = PBXFileReference; fileEncoding = 4; lastKnownFileType = sourcecode.swift; path = ProjectViewController.swift; sourceTree = "<group>"; };
		89C08DA21BF14A2E00B91EC0 /* MyViewController.swift */ = {isa = PBXFileReference; fileEncoding = 4; lastKnownFileType = sourcecode.swift; path = MyViewController.swift; sourceTree = "<group>"; };
		A35829221C0F3DA1007BEECE /* AboutThisAppViewController.swift */ = {isa = PBXFileReference; fileEncoding = 4; lastKnownFileType = sourcecode.swift; path = AboutThisAppViewController.swift; sourceTree = "<group>"; };
/* End PBXFileReference section */

/* Begin PBXFrameworksBuildPhase section */
		894CA6D81BE99FBE005D2B2A /* Frameworks */ = {
			isa = PBXFrameworksBuildPhase;
			buildActionMask = 2147483647;
			files = (
				45901F1E1BF3F1B0003FB793 /* CoreLocation.framework in Frameworks */,
				ADD597FFD49EB8FC49D9652C /* Pods_West_Campus.framework in Frameworks */,
			);
			runOnlyForDeploymentPostprocessing = 0;
		};
		894CA6EF1BE99FBE005D2B2A /* Frameworks */ = {
			isa = PBXFrameworksBuildPhase;
			buildActionMask = 2147483647;
			files = (
			);
			runOnlyForDeploymentPostprocessing = 0;
		};
		894CA6FA1BE99FBE005D2B2A /* Frameworks */ = {
			isa = PBXFrameworksBuildPhase;
			buildActionMask = 2147483647;
			files = (
			);
			runOnlyForDeploymentPostprocessing = 0;
		};
/* End PBXFrameworksBuildPhase section */

/* Begin PBXGroup section */
		2CCCD10C3E6DD8DEBE390EB5 /* Pods */ = {
			isa = PBXGroup;
			children = (
				88758A95F6D5243903318E63 /* Pods-West Campus.debug.xcconfig */,
				3DF4FF10EB61ECAB56A473E7 /* Pods-West Campus.release.xcconfig */,
			);
			name = Pods;
			sourceTree = "<group>";
		};
		894CA6D21BE99FBE005D2B2A = {
			isa = PBXGroup;
			children = (
				894CA6DD1BE99FBE005D2B2A /* West Campus */,
				894CA6F51BE99FBE005D2B2A /* West CampusTests */,
				894CA7001BE99FBE005D2B2A /* West CampusUITests */,
				894CA6DC1BE99FBE005D2B2A /* Products */,
				ED57A77A08BF92EAC50B2382 /* Frameworks */,
				2CCCD10C3E6DD8DEBE390EB5 /* Pods */,
			);
			sourceTree = "<group>";
		};
		894CA6DC1BE99FBE005D2B2A /* Products */ = {
			isa = PBXGroup;
			children = (
				894CA6DB1BE99FBE005D2B2A /* West Campus.app */,
				894CA6F21BE99FBE005D2B2A /* West CampusTests.xctest */,
				894CA6FD1BE99FBE005D2B2A /* West CampusUITests.xctest */,
			);
			name = Products;
			sourceTree = "<group>";
		};
		894CA6DD1BE99FBE005D2B2A /* West Campus */ = {
			isa = PBXGroup;
			children = (
				894CA70F1BE9A5E0005D2B2A /* Resources */,
				89958D151D32C05C009E020F /* Data */,
				89958D141D32C04C009E020F /* Util */,
				89958D131D32C01C009E020F /* User Interface */,
				89C08DA11BF1446C00B91EC0 /* VCs */,
				894CA6DE1BE99FBE005D2B2A /* AppDelegate.swift */,
				894CA6E81BE99FBE005D2B2A /* Assets.xcassets */,
				894CA6ED1BE99FBE005D2B2A /* Info.plist */,
				894CA6E51BE99FBE005D2B2A /* West_Campus.xcdatamodeld */,
			);
			path = "West Campus";
			sourceTree = "<group>";
		};
		894CA6F51BE99FBE005D2B2A /* West CampusTests */ = {
			isa = PBXGroup;
			children = (
				894CA6F61BE99FBE005D2B2A /* West_CampusTests.swift */,
				894CA6F81BE99FBE005D2B2A /* Info.plist */,
			);
			path = "West CampusTests";
			sourceTree = "<group>";
		};
		894CA7001BE99FBE005D2B2A /* West CampusUITests */ = {
			isa = PBXGroup;
			children = (
				894CA7011BE99FBE005D2B2A /* West_CampusUITests.swift */,
				894CA7031BE99FBE005D2B2A /* Info.plist */,
			);
			path = "West CampusUITests";
			sourceTree = "<group>";
		};
		894CA70F1BE9A5E0005D2B2A /* Resources */ = {
			isa = PBXGroup;
			children = (
				896A5A901BEEC63A00780F79 /* Screen Shot 2015-11-06 at 5.58.30 PM.png */,
				896A5A941BEECB2E00780F79 /* Yale Y small.png */,
				894CA7201BE9AA4E005D2B2A /* Yale Official Font */,
			);
			name = Resources;
			sourceTree = "<group>";
		};
		894CA7201BE9AA4E005D2B2A /* Yale Official Font */ = {
			isa = PBXGroup;
			children = (
				894CA71C1BE9A895005D2B2A /* YaleNew-Bold.otf */,
				894CA71D1BE9A895005D2B2A /* YaleNew-BoldItalic.otf */,
				894CA71E1BE9A895005D2B2A /* YaleNew-Italic.otf */,
				894CA71F1BE9A895005D2B2A /* YaleNew-Roman.otf */,
			);
			name = "Yale Official Font";
			sourceTree = "<group>";
		};
		89958D131D32C01C009E020F /* User Interface */ = {
			isa = PBXGroup;
			children = (
				890503461C05355600420D6F /* ProjectTableViewCell.swift */,
				894CA6EA1BE99FBE005D2B2A /* LaunchScreen.storyboard */,
				894CA6E21BE99FBE005D2B2A /* Main.storyboard */,
			);
			name = "User Interface";
			sourceTree = "<group>";
		};
		89958D141D32C04C009E020F /* Util */ = {
			isa = PBXGroup;
			children = (
				89958D201D332A58009E020F /* GlobalKeys.swift */,
				898E8C3F1D3B585300D4CB1B /* ImageUtil.swift */,
			);
			name = Util;
			sourceTree = "<group>";
		};
		89958D151D32C05C009E020F /* Data */ = {
			isa = PBXGroup;
			children = (
				451F68131C10D950008CB714 /* ScavengerHunt.swift */,
				898136071BEEDEE700ACD35C /* MainModel.swift */,
				898136041BEEDD2800ACD35C /* ProjectData.swift */,
				898136031BEEDD2800ACD35C /* Project.swift */,
			);
			name = Data;
			sourceTree = "<group>";
		};
		89C08DA11BF1446C00B91EC0 /* VCs */ = {
			isa = PBXGroup;
			children = (
				893AA7851BF65BDE00B451A0 /* MapViewController.swift */,
				89958D1E1D33211E009E020F /* MapPointAnnotation.swift */,
				89C08DA21BF14A2E00B91EC0 /* MyViewController.swift */,
				89C08D9F1BF1444300B91EC0 /* ProjectViewController.swift */,
				894CA6E01BE99FBE005D2B2A /* HomeViewController.swift */,
				45A7ED471C0E3032007BD402 /* ArrivalViewController.swift */,
				451F68151C10DC6E008CB714 /* SHWelcomeViewController.swift */,
				892B37351BE9B9C600E1174C /* ProjectListViewController.swift */,
				892B37371BE9B9FC00E1174C /* ScavengerHuntViewController.swift */,
				896A5A961BEED24900780F79 /* AboutViewController.swift */,
				A35829221C0F3DA1007BEECE /* AboutThisAppViewController.swift */,
			);
			name = VCs;
			sourceTree = "<group>";
		};
		ED57A77A08BF92EAC50B2382 /* Frameworks */ = {
			isa = PBXGroup;
			children = (
				45901F1D1BF3F1B0003FB793 /* CoreLocation.framework */,
				5F792180E798887E2B7C5DB6 /* Pods_West_Campus.framework */,
			);
			name = Frameworks;
			sourceTree = "<group>";
		};
/* End PBXGroup section */

/* Begin PBXNativeTarget section */
		894CA6DA1BE99FBE005D2B2A /* West Campus */ = {
			isa = PBXNativeTarget;
			buildConfigurationList = 894CA7061BE99FBE005D2B2A /* Build configuration list for PBXNativeTarget "West Campus" */;
			buildPhases = (
				4888AB6AE1C80314CB3467B7 /* 📦 Check Pods Manifest.lock */,
				894CA6D71BE99FBE005D2B2A /* Sources */,
				894CA6D81BE99FBE005D2B2A /* Frameworks */,
				894CA6D91BE99FBE005D2B2A /* Resources */,
				4A15FF8BF639A14D79BB4419 /* 📦 Embed Pods Frameworks */,
				51286F060CCD759FDC22949E /* 📦 Copy Pods Resources */,
			);
			buildRules = (
			);
			dependencies = (
			);
			name = "West Campus";
			productName = "West Campus";
			productReference = 894CA6DB1BE99FBE005D2B2A /* West Campus.app */;
			productType = "com.apple.product-type.application";
		};
		894CA6F11BE99FBE005D2B2A /* West CampusTests */ = {
			isa = PBXNativeTarget;
			buildConfigurationList = 894CA7091BE99FBE005D2B2A /* Build configuration list for PBXNativeTarget "West CampusTests" */;
			buildPhases = (
				894CA6EE1BE99FBE005D2B2A /* Sources */,
				894CA6EF1BE99FBE005D2B2A /* Frameworks */,
				894CA6F01BE99FBE005D2B2A /* Resources */,
			);
			buildRules = (
			);
			dependencies = (
				894CA6F41BE99FBE005D2B2A /* PBXTargetDependency */,
			);
			name = "West CampusTests";
			productName = "West CampusTests";
			productReference = 894CA6F21BE99FBE005D2B2A /* West CampusTests.xctest */;
			productType = "com.apple.product-type.bundle.unit-test";
		};
		894CA6FC1BE99FBE005D2B2A /* West CampusUITests */ = {
			isa = PBXNativeTarget;
			buildConfigurationList = 894CA70C1BE99FBE005D2B2A /* Build configuration list for PBXNativeTarget "West CampusUITests" */;
			buildPhases = (
				894CA6F91BE99FBE005D2B2A /* Sources */,
				894CA6FA1BE99FBE005D2B2A /* Frameworks */,
				894CA6FB1BE99FBE005D2B2A /* Resources */,
			);
			buildRules = (
			);
			dependencies = (
				894CA6FF1BE99FBE005D2B2A /* PBXTargetDependency */,
			);
			name = "West CampusUITests";
			productName = "West CampusUITests";
			productReference = 894CA6FD1BE99FBE005D2B2A /* West CampusUITests.xctest */;
			productType = "com.apple.product-type.bundle.ui-testing";
		};
/* End PBXNativeTarget section */

/* Begin PBXProject section */
		894CA6D31BE99FBE005D2B2A /* Project object */ = {
			isa = PBXProject;
			attributes = {
				LastSwiftUpdateCheck = 0710;
				LastUpgradeCheck = 0710;
				ORGANIZATIONNAME = ENAS118;
				TargetAttributes = {
					894CA6DA1BE99FBE005D2B2A = {
						CreatedOnToolsVersion = 7.1;
						DevelopmentTeam = D2M88ZR8F9;
					};
					894CA6F11BE99FBE005D2B2A = {
						CreatedOnToolsVersion = 7.1;
						TestTargetID = 894CA6DA1BE99FBE005D2B2A;
					};
					894CA6FC1BE99FBE005D2B2A = {
						CreatedOnToolsVersion = 7.1;
						TestTargetID = 894CA6DA1BE99FBE005D2B2A;
					};
				};
			};
			buildConfigurationList = 894CA6D61BE99FBE005D2B2A /* Build configuration list for PBXProject "West Campus" */;
			compatibilityVersion = "Xcode 3.2";
			developmentRegion = English;
			hasScannedForEncodings = 0;
			knownRegions = (
				en,
				Base,
			);
			mainGroup = 894CA6D21BE99FBE005D2B2A;
			productRefGroup = 894CA6DC1BE99FBE005D2B2A /* Products */;
			projectDirPath = "";
			projectRoot = "";
			targets = (
				894CA6DA1BE99FBE005D2B2A /* West Campus */,
				894CA6F11BE99FBE005D2B2A /* West CampusTests */,
				894CA6FC1BE99FBE005D2B2A /* West CampusUITests */,
			);
		};
/* End PBXProject section */

/* Begin PBXResourcesBuildPhase section */
		894CA6D91BE99FBE005D2B2A /* Resources */ = {
			isa = PBXResourcesBuildPhase;
			buildActionMask = 2147483647;
			files = (
				892B372F1BE9B1FB00E1174C /* YaleNew-Bold.otf in Resources */,
				892B37301BE9B1FB00E1174C /* YaleNew-BoldItalic.otf in Resources */,
				892B37311BE9B1FB00E1174C /* YaleNew-Italic.otf in Resources */,
				892B37321BE9B1FB00E1174C /* YaleNew-Roman.otf in Resources */,
				894CA6EC1BE99FBE005D2B2A /* LaunchScreen.storyboard in Resources */,
				894CA6E91BE99FBE005D2B2A /* Assets.xcassets in Resources */,
				896A5A911BEEC63A00780F79 /* Screen Shot 2015-11-06 at 5.58.30 PM.png in Resources */,
				894CA6E41BE99FBE005D2B2A /* Main.storyboard in Resources */,
				896A5A951BEECB2E00780F79 /* Yale Y small.png in Resources */,
			);
			runOnlyForDeploymentPostprocessing = 0;
		};
		894CA6F01BE99FBE005D2B2A /* Resources */ = {
			isa = PBXResourcesBuildPhase;
			buildActionMask = 2147483647;
			files = (
			);
			runOnlyForDeploymentPostprocessing = 0;
		};
		894CA6FB1BE99FBE005D2B2A /* Resources */ = {
			isa = PBXResourcesBuildPhase;
			buildActionMask = 2147483647;
			files = (
			);
			runOnlyForDeploymentPostprocessing = 0;
		};
/* End PBXResourcesBuildPhase section */

/* Begin PBXShellScriptBuildPhase section */
		4888AB6AE1C80314CB3467B7 /* 📦 Check Pods Manifest.lock */ = {
			isa = PBXShellScriptBuildPhase;
			buildActionMask = 2147483647;
			files = (
			);
			inputPaths = (
			);
			name = "📦 Check Pods Manifest.lock";
			outputPaths = (
			);
			runOnlyForDeploymentPostprocessing = 0;
			shellPath = /bin/sh;
			shellScript = "diff \"${PODS_ROOT}/../Podfile.lock\" \"${PODS_ROOT}/Manifest.lock\" > /dev/null\nif [[ $? != 0 ]] ; then\n    cat << EOM\nerror: The sandbox is not in sync with the Podfile.lock. Run 'pod install' or update your CocoaPods installation.\nEOM\n    exit 1\nfi\n";
			showEnvVarsInLog = 0;
		};
		4A15FF8BF639A14D79BB4419 /* 📦 Embed Pods Frameworks */ = {
			isa = PBXShellScriptBuildPhase;
			buildActionMask = 2147483647;
			files = (
			);
			inputPaths = (
			);
			name = "📦 Embed Pods Frameworks";
			outputPaths = (
			);
			runOnlyForDeploymentPostprocessing = 0;
			shellPath = /bin/sh;
			shellScript = "\"${SRCROOT}/Pods/Target Support Files/Pods-West Campus/Pods-West Campus-frameworks.sh\"\n";
			showEnvVarsInLog = 0;
		};
		51286F060CCD759FDC22949E /* 📦 Copy Pods Resources */ = {
			isa = PBXShellScriptBuildPhase;
			buildActionMask = 2147483647;
			files = (
			);
			inputPaths = (
			);
			name = "📦 Copy Pods Resources";
			outputPaths = (
			);
			runOnlyForDeploymentPostprocessing = 0;
			shellPath = /bin/sh;
			shellScript = "\"${SRCROOT}/Pods/Target Support Files/Pods-West Campus/Pods-West Campus-resources.sh\"\n";
			showEnvVarsInLog = 0;
		};
/* End PBXShellScriptBuildPhase section */

/* Begin PBXSourcesBuildPhase section */
		894CA6D71BE99FBE005D2B2A /* Sources */ = {
			isa = PBXSourcesBuildPhase;
			buildActionMask = 2147483647;
			files = (
				89C08DA01BF1444300B91EC0 /* ProjectViewController.swift in Sources */,
				890503471C05355600420D6F /* ProjectTableViewCell.swift in Sources */,
				896A5A971BEED24900780F79 /* AboutViewController.swift in Sources */,
				451F68161C10DC6E008CB714 /* SHWelcomeViewController.swift in Sources */,
				892B37381BE9B9FC00E1174C /* ScavengerHuntViewController.swift in Sources */,
				45A7ED481C0E3032007BD402 /* ArrivalViewController.swift in Sources */,
				894CA6E11BE99FBE005D2B2A /* HomeViewController.swift in Sources */,
				894CA6DF1BE99FBE005D2B2A /* AppDelegate.swift in Sources */,
				89958D211D332A58009E020F /* GlobalKeys.swift in Sources */,
				893AA7861BF65BDE00B451A0 /* MapViewController.swift in Sources */,
				A35829231C0F3DA1007BEECE /* AboutThisAppViewController.swift in Sources */,
				89958D1F1D33211E009E020F /* MapPointAnnotation.swift in Sources */,
				894CA6E71BE99FBE005D2B2A /* West_Campus.xcdatamodeld in Sources */,
				898136081BEEDEE700ACD35C /* MainModel.swift in Sources */,
				451F68141C10D950008CB714 /* ScavengerHunt.swift in Sources */,
				898136061BEEDD2800ACD35C /* ProjectData.swift in Sources */,
				892B37361BE9B9C600E1174C /* ProjectListViewController.swift in Sources */,
				89C08DA31BF14A2E00B91EC0 /* MyViewController.swift in Sources */,
				898136051BEEDD2800ACD35C /* Project.swift in Sources */,
				898E8C401D3B585300D4CB1B /* ImageUtil.swift in Sources */,
			);
			runOnlyForDeploymentPostprocessing = 0;
		};
		894CA6EE1BE99FBE005D2B2A /* Sources */ = {
			isa = PBXSourcesBuildPhase;
			buildActionMask = 2147483647;
			files = (
				894CA6F71BE99FBE005D2B2A /* West_CampusTests.swift in Sources */,
			);
			runOnlyForDeploymentPostprocessing = 0;
		};
		894CA6F91BE99FBE005D2B2A /* Sources */ = {
			isa = PBXSourcesBuildPhase;
			buildActionMask = 2147483647;
			files = (
				894CA7021BE99FBE005D2B2A /* West_CampusUITests.swift in Sources */,
			);
			runOnlyForDeploymentPostprocessing = 0;
		};
/* End PBXSourcesBuildPhase section */

/* Begin PBXTargetDependency section */
		894CA6F41BE99FBE005D2B2A /* PBXTargetDependency */ = {
			isa = PBXTargetDependency;
			target = 894CA6DA1BE99FBE005D2B2A /* West Campus */;
			targetProxy = 894CA6F31BE99FBE005D2B2A /* PBXContainerItemProxy */;
		};
		894CA6FF1BE99FBE005D2B2A /* PBXTargetDependency */ = {
			isa = PBXTargetDependency;
			target = 894CA6DA1BE99FBE005D2B2A /* West Campus */;
			targetProxy = 894CA6FE1BE99FBE005D2B2A /* PBXContainerItemProxy */;
		};
/* End PBXTargetDependency section */

/* Begin PBXVariantGroup section */
		894CA6E21BE99FBE005D2B2A /* Main.storyboard */ = {
			isa = PBXVariantGroup;
			children = (
				894CA6E31BE99FBE005D2B2A /* Base */,
			);
			name = Main.storyboard;
			sourceTree = "<group>";
		};
		894CA6EA1BE99FBE005D2B2A /* LaunchScreen.storyboard */ = {
			isa = PBXVariantGroup;
			children = (
				894CA6EB1BE99FBE005D2B2A /* Base */,
			);
			name = LaunchScreen.storyboard;
			sourceTree = "<group>";
		};
/* End PBXVariantGroup section */

/* Begin XCBuildConfiguration section */
		894CA7041BE99FBE005D2B2A /* Debug */ = {
			isa = XCBuildConfiguration;
			buildSettings = {
				ALWAYS_SEARCH_USER_PATHS = NO;
				CLANG_CXX_LANGUAGE_STANDARD = "gnu++0x";
				CLANG_CXX_LIBRARY = "libc++";
				CLANG_ENABLE_MODULES = YES;
				CLANG_ENABLE_OBJC_ARC = YES;
				CLANG_WARN_BOOL_CONVERSION = YES;
				CLANG_WARN_CONSTANT_CONVERSION = YES;
				CLANG_WARN_DIRECT_OBJC_ISA_USAGE = YES_ERROR;
				CLANG_WARN_EMPTY_BODY = YES;
				CLANG_WARN_ENUM_CONVERSION = YES;
				CLANG_WARN_INT_CONVERSION = YES;
				CLANG_WARN_OBJC_ROOT_CLASS = YES_ERROR;
				CLANG_WARN_UNREACHABLE_CODE = YES;
				CLANG_WARN__DUPLICATE_METHOD_MATCH = YES;
				"CODE_SIGN_IDENTITY[sdk=iphoneos*]" = "iPhone Developer";
				COPY_PHASE_STRIP = NO;
				DEBUG_INFORMATION_FORMAT = dwarf;
				ENABLE_STRICT_OBJC_MSGSEND = YES;
				ENABLE_TESTABILITY = YES;
				GCC_C_LANGUAGE_STANDARD = gnu99;
				GCC_DYNAMIC_NO_PIC = NO;
				GCC_NO_COMMON_BLOCKS = YES;
				GCC_OPTIMIZATION_LEVEL = 0;
				GCC_PREPROCESSOR_DEFINITIONS = (
					"DEBUG=1",
					"$(inherited)",
				);
				GCC_WARN_64_TO_32_BIT_CONVERSION = YES;
				GCC_WARN_ABOUT_RETURN_TYPE = YES_ERROR;
				GCC_WARN_UNDECLARED_SELECTOR = YES;
				GCC_WARN_UNINITIALIZED_AUTOS = YES_AGGRESSIVE;
				GCC_WARN_UNUSED_FUNCTION = YES;
				GCC_WARN_UNUSED_VARIABLE = YES;
				IPHONEOS_DEPLOYMENT_TARGET = 9.1;
				MTL_ENABLE_DEBUG_INFO = YES;
				ONLY_ACTIVE_ARCH = YES;
				SDKROOT = iphoneos;
				SWIFT_OPTIMIZATION_LEVEL = "-Onone";
			};
			name = Debug;
		};
		894CA7051BE99FBE005D2B2A /* Release */ = {
			isa = XCBuildConfiguration;
			buildSettings = {
				ALWAYS_SEARCH_USER_PATHS = NO;
				CLANG_CXX_LANGUAGE_STANDARD = "gnu++0x";
				CLANG_CXX_LIBRARY = "libc++";
				CLANG_ENABLE_MODULES = YES;
				CLANG_ENABLE_OBJC_ARC = YES;
				CLANG_WARN_BOOL_CONVERSION = YES;
				CLANG_WARN_CONSTANT_CONVERSION = YES;
				CLANG_WARN_DIRECT_OBJC_ISA_USAGE = YES_ERROR;
				CLANG_WARN_EMPTY_BODY = YES;
				CLANG_WARN_ENUM_CONVERSION = YES;
				CLANG_WARN_INT_CONVERSION = YES;
				CLANG_WARN_OBJC_ROOT_CLASS = YES_ERROR;
				CLANG_WARN_UNREACHABLE_CODE = YES;
				CLANG_WARN__DUPLICATE_METHOD_MATCH = YES;
				"CODE_SIGN_IDENTITY[sdk=iphoneos*]" = "iPhone Developer";
				COPY_PHASE_STRIP = NO;
				DEBUG_INFORMATION_FORMAT = "dwarf-with-dsym";
				ENABLE_NS_ASSERTIONS = NO;
				ENABLE_STRICT_OBJC_MSGSEND = YES;
				GCC_C_LANGUAGE_STANDARD = gnu99;
				GCC_NO_COMMON_BLOCKS = YES;
				GCC_WARN_64_TO_32_BIT_CONVERSION = YES;
				GCC_WARN_ABOUT_RETURN_TYPE = YES_ERROR;
				GCC_WARN_UNDECLARED_SELECTOR = YES;
				GCC_WARN_UNINITIALIZED_AUTOS = YES_AGGRESSIVE;
				GCC_WARN_UNUSED_FUNCTION = YES;
				GCC_WARN_UNUSED_VARIABLE = YES;
				IPHONEOS_DEPLOYMENT_TARGET = 9.1;
				MTL_ENABLE_DEBUG_INFO = NO;
				SDKROOT = iphoneos;
				VALIDATE_PRODUCT = YES;
			};
			name = Release;
		};
		894CA7071BE99FBE005D2B2A /* Debug */ = {
			isa = XCBuildConfiguration;
			baseConfigurationReference = 88758A95F6D5243903318E63 /* Pods-West Campus.debug.xcconfig */;
			buildSettings = {
				ASSETCATALOG_COMPILER_APPICON_NAME = AppIcon;
				CODE_SIGN_IDENTITY = "iPhone Developer";
				"CODE_SIGN_IDENTITY[sdk=iphoneos*]" = "iPhone Developer";
				EMBEDDED_CONTENT_CONTAINS_SWIFT = YES;
				ENABLE_BITCODE = NO;
				INFOPLIST_FILE = "West Campus/Info.plist";
				LD_RUNPATH_SEARCH_PATHS = "$(inherited) @executable_path/Frameworks";
				PRODUCT_BUNDLE_IDENTIFIER = "com.enas118.West-Campus";
				PRODUCT_NAME = "$(TARGET_NAME)";
				PROVISIONING_PROFILE = "";
			};
			name = Debug;
		};
		894CA7081BE99FBE005D2B2A /* Release */ = {
			isa = XCBuildConfiguration;
			baseConfigurationReference = 3DF4FF10EB61ECAB56A473E7 /* Pods-West Campus.release.xcconfig */;
			buildSettings = {
				ASSETCATALOG_COMPILER_APPICON_NAME = AppIcon;
				CODE_SIGN_IDENTITY = "iPhone Developer";
				"CODE_SIGN_IDENTITY[sdk=iphoneos*]" = "iPhone Developer";
				EMBEDDED_CONTENT_CONTAINS_SWIFT = YES;
				ENABLE_BITCODE = NO;
				INFOPLIST_FILE = "West Campus/Info.plist";
				LD_RUNPATH_SEARCH_PATHS = "$(inherited) @executable_path/Frameworks";
				PRODUCT_BUNDLE_IDENTIFIER = "com.enas118.West-Campus";
				PRODUCT_NAME = "$(TARGET_NAME)";
				PROVISIONING_PROFILE = "";
			};
			name = Release;
		};
		894CA70A1BE99FBE005D2B2A /* Debug */ = {
			isa = XCBuildConfiguration;
			buildSettings = {
				BUNDLE_LOADER = "$(TEST_HOST)";
				INFOPLIST_FILE = "West CampusTests/Info.plist";
				LD_RUNPATH_SEARCH_PATHS = "$(inherited) @executable_path/Frameworks @loader_path/Frameworks";
				PRODUCT_BUNDLE_IDENTIFIER = "com.enas118.West-CampusTests";
				PRODUCT_NAME = "$(TARGET_NAME)";
				TEST_HOST = "$(BUILT_PRODUCTS_DIR)/West Campus.app/West Campus";
			};
			name = Debug;
		};
		894CA70B1BE99FBE005D2B2A /* Release */ = {
			isa = XCBuildConfiguration;
			buildSettings = {
				BUNDLE_LOADER = "$(TEST_HOST)";
				INFOPLIST_FILE = "West CampusTests/Info.plist";
				LD_RUNPATH_SEARCH_PATHS = "$(inherited) @executable_path/Frameworks @loader_path/Frameworks";
				PRODUCT_BUNDLE_IDENTIFIER = "com.enas118.West-CampusTests";
				PRODUCT_NAME = "$(TARGET_NAME)";
				TEST_HOST = "$(BUILT_PRODUCTS_DIR)/West Campus.app/West Campus";
			};
			name = Release;
		};
		894CA70D1BE99FBE005D2B2A /* Debug */ = {
			isa = XCBuildConfiguration;
			buildSettings = {
				INFOPLIST_FILE = "West CampusUITests/Info.plist";
				LD_RUNPATH_SEARCH_PATHS = "$(inherited) @executable_path/Frameworks @loader_path/Frameworks";
				PRODUCT_BUNDLE_IDENTIFIER = "com.enas118.West-CampusUITests";
				PRODUCT_NAME = "$(TARGET_NAME)";
				TEST_TARGET_NAME = "West Campus";
				USES_XCTRUNNER = YES;
			};
			name = Debug;
		};
		894CA70E1BE99FBE005D2B2A /* Release */ = {
			isa = XCBuildConfiguration;
			buildSettings = {
				INFOPLIST_FILE = "West CampusUITests/Info.plist";
				LD_RUNPATH_SEARCH_PATHS = "$(inherited) @executable_path/Frameworks @loader_path/Frameworks";
				PRODUCT_BUNDLE_IDENTIFIER = "com.enas118.West-CampusUITests";
				PRODUCT_NAME = "$(TARGET_NAME)";
				TEST_TARGET_NAME = "West Campus";
				USES_XCTRUNNER = YES;
			};
			name = Release;
		};
/* End XCBuildConfiguration section */

/* Begin XCConfigurationList section */
		894CA6D61BE99FBE005D2B2A /* Build configuration list for PBXProject "West Campus" */ = {
			isa = XCConfigurationList;
			buildConfigurations = (
				894CA7041BE99FBE005D2B2A /* Debug */,
				894CA7051BE99FBE005D2B2A /* Release */,
			);
			defaultConfigurationIsVisible = 0;
			defaultConfigurationName = Release;
		};
		894CA7061BE99FBE005D2B2A /* Build configuration list for PBXNativeTarget "West Campus" */ = {
			isa = XCConfigurationList;
			buildConfigurations = (
				894CA7071BE99FBE005D2B2A /* Debug */,
				894CA7081BE99FBE005D2B2A /* Release */,
			);
			defaultConfigurationIsVisible = 0;
			defaultConfigurationName = Release;
		};
		894CA7091BE99FBE005D2B2A /* Build configuration list for PBXNativeTarget "West CampusTests" */ = {
			isa = XCConfigurationList;
			buildConfigurations = (
				894CA70A1BE99FBE005D2B2A /* Debug */,
				894CA70B1BE99FBE005D2B2A /* Release */,
			);
			defaultConfigurationIsVisible = 0;
			defaultConfigurationName = Release;
		};
		894CA70C1BE99FBE005D2B2A /* Build configuration list for PBXNativeTarget "West CampusUITests" */ = {
			isa = XCConfigurationList;
			buildConfigurations = (
				894CA70D1BE99FBE005D2B2A /* Debug */,
				894CA70E1BE99FBE005D2B2A /* Release */,
			);
			defaultConfigurationIsVisible = 0;
			defaultConfigurationName = Release;
		};
/* End XCConfigurationList section */

/* Begin XCVersionGroup section */
		894CA6E51BE99FBE005D2B2A /* West_Campus.xcdatamodeld */ = {
			isa = XCVersionGroup;
			children = (
				894CA6E61BE99FBE005D2B2A /* West_Campus.xcdatamodel */,
			);
			currentVersion = 894CA6E61BE99FBE005D2B2A /* West_Campus.xcdatamodel */;
			path = West_Campus.xcdatamodeld;
			sourceTree = "<group>";
			versionGroupType = wrapper.xcdatamodel;
		};
/* End XCVersionGroup section */
	};
	rootObject = 894CA6D31BE99FBE005D2B2A /* Project object */;
}
